// !$*UTF8*$!
{
	archiveVersion = 1;
	classes = {
	};
	objectVersion = 50;
	objects = {

/* Begin PBXBuildFile section */
		D81DC9E9233DBD274D6F89B7 /* Pods_PayMe.framework in Frameworks */ = {isa = PBXBuildFile; fileRef = DD5E2844993C5BAF6ED786C4 /* Pods_PayMe.framework */; };
		E90CAA94221322FE002E3B4E /* SummaryDelegate.swift in Sources */ = {isa = PBXBuildFile; fileRef = E90CAA93221322FE002E3B4E /* SummaryDelegate.swift */; };
		E9DF3B5B22101D7B00C08077 /* AppDelegate.swift in Sources */ = {isa = PBXBuildFile; fileRef = E9DF3B5A22101D7B00C08077 /* AppDelegate.swift */; };
		E9DF3B5D22101D7B00C08077 /* SummaryViewController.swift in Sources */ = {isa = PBXBuildFile; fileRef = E9DF3B5C22101D7B00C08077 /* SummaryViewController.swift */; };
		E9DF3B6322101D7B00C08077 /* PayMe.xcdatamodeld in Sources */ = {isa = PBXBuildFile; fileRef = E9DF3B6122101D7B00C08077 /* PayMe.xcdatamodeld */; };
		E9DF3B6522101D7E00C08077 /* Assets.xcassets in Resources */ = {isa = PBXBuildFile; fileRef = E9DF3B6422101D7E00C08077 /* Assets.xcassets */; };
		E9DF3B6822101D7E00C08077 /* LaunchScreen.storyboard in Resources */ = {isa = PBXBuildFile; fileRef = E9DF3B6622101D7E00C08077 /* LaunchScreen.storyboard */; };
		E9E2F1502211917D0083D771 /* SettingsViewController.swift in Sources */ = {isa = PBXBuildFile; fileRef = E9E2F14F2211917D0083D771 /* SettingsViewController.swift */; };
		E9E2F1562211B1570083D771 /* DataViewController.swift in Sources */ = {isa = PBXBuildFile; fileRef = E9E2F1552211B1570083D771 /* DataViewController.swift */; };
		E9E2F1582211B2090083D771 /* DetailDataViewController.swift in Sources */ = {isa = PBXBuildFile; fileRef = E9E2F1572211B2090083D771 /* DetailDataViewController.swift */; };
		E9E2F1602211CA340083D771 /* DataDetailModel.swift in Sources */ = {isa = PBXBuildFile; fileRef = E9E2F15F2211CA340083D771 /* DataDetailModel.swift */; };
		E9E2F1622211D6260083D771 /* DataDetailView.swift in Sources */ = {isa = PBXBuildFile; fileRef = E9E2F1612211D6260083D771 /* DataDetailView.swift */; };
		E9E2F1662212120A0083D771 /* TextField.swift in Sources */ = {isa = PBXBuildFile; fileRef = E9E2F1652212120A0083D771 /* TextField.swift */; };
		E9E2F1682212BB2A0083D771 /* DataModel.swift in Sources */ = {isa = PBXBuildFile; fileRef = E9E2F1672212BB2A0083D771 /* DataModel.swift */; };
		E9E2F16C2212DB9F0083D771 /* DataDelegate.swift in Sources */ = {isa = PBXBuildFile; fileRef = E9E2F16B2212DB9F0083D771 /* DataDelegate.swift */; };
		E9E2F16E2212F1650083D771 /* GoogleService-Info.plist in Resources */ = {isa = PBXBuildFile; fileRef = E9E2F16D2212F1640083D771 /* GoogleService-Info.plist */; };
		E9E2F172221305500083D771 /* ModelDelegate.swift in Sources */ = {isa = PBXBuildFile; fileRef = E9E2F171221305500083D771 /* ModelDelegate.swift */; };
		E9E2F174221311B30083D771 /* SettingsModel.swift in Sources */ = {isa = PBXBuildFile; fileRef = E9E2F173221311B30083D771 /* SettingsModel.swift */; };
/* End PBXBuildFile section */

/* Begin PBXFileReference section */
		79F8E7BE86BE32A396205960 /* Pods-PayMe.debug.xcconfig */ = {isa = PBXFileReference; includeInIndex = 1; lastKnownFileType = text.xcconfig; name = "Pods-PayMe.debug.xcconfig"; path = "Pods/Target Support Files/Pods-PayMe/Pods-PayMe.debug.xcconfig"; sourceTree = "<group>"; };
		DD5E2844993C5BAF6ED786C4 /* Pods_PayMe.framework */ = {isa = PBXFileReference; explicitFileType = wrapper.framework; includeInIndex = 0; path = Pods_PayMe.framework; sourceTree = BUILT_PRODUCTS_DIR; };
		E90CAA93221322FE002E3B4E /* SummaryDelegate.swift */ = {isa = PBXFileReference; lastKnownFileType = sourcecode.swift; path = SummaryDelegate.swift; sourceTree = "<group>"; };
		E9DF3B5722101D7B00C08077 /* PayMe.app */ = {isa = PBXFileReference; explicitFileType = wrapper.application; includeInIndex = 0; path = PayMe.app; sourceTree = BUILT_PRODUCTS_DIR; };
		E9DF3B5A22101D7B00C08077 /* AppDelegate.swift */ = {isa = PBXFileReference; lastKnownFileType = sourcecode.swift; path = AppDelegate.swift; sourceTree = "<group>"; };
		E9DF3B5C22101D7B00C08077 /* SummaryViewController.swift */ = {isa = PBXFileReference; lastKnownFileType = sourcecode.swift; path = SummaryViewController.swift; sourceTree = "<group>"; };
		E9DF3B6222101D7B00C08077 /* PayMe.xcdatamodel */ = {isa = PBXFileReference; lastKnownFileType = wrapper.xcdatamodel; path = PayMe.xcdatamodel; sourceTree = "<group>"; };
		E9DF3B6422101D7E00C08077 /* Assets.xcassets */ = {isa = PBXFileReference; lastKnownFileType = folder.assetcatalog; path = Assets.xcassets; sourceTree = "<group>"; };
		E9DF3B6722101D7E00C08077 /* Base */ = {isa = PBXFileReference; lastKnownFileType = file.storyboard; name = Base; path = Base.lproj/LaunchScreen.storyboard; sourceTree = "<group>"; };
		E9DF3B6922101D7E00C08077 /* Info.plist */ = {isa = PBXFileReference; lastKnownFileType = text.plist.xml; path = Info.plist; sourceTree = "<group>"; };
		E9E2F14F2211917D0083D771 /* SettingsViewController.swift */ = {isa = PBXFileReference; lastKnownFileType = sourcecode.swift; path = SettingsViewController.swift; sourceTree = "<group>"; };
		E9E2F1552211B1570083D771 /* DataViewController.swift */ = {isa = PBXFileReference; lastKnownFileType = sourcecode.swift; path = DataViewController.swift; sourceTree = "<group>"; };
		E9E2F1572211B2090083D771 /* DetailDataViewController.swift */ = {isa = PBXFileReference; lastKnownFileType = sourcecode.swift; path = DetailDataViewController.swift; sourceTree = "<group>"; };
		E9E2F15F2211CA340083D771 /* DataDetailModel.swift */ = {isa = PBXFileReference; lastKnownFileType = sourcecode.swift; path = DataDetailModel.swift; sourceTree = "<group>"; };
		E9E2F1612211D6260083D771 /* DataDetailView.swift */ = {isa = PBXFileReference; lastKnownFileType = sourcecode.swift; path = DataDetailView.swift; sourceTree = "<group>"; };
		E9E2F1652212120A0083D771 /* TextField.swift */ = {isa = PBXFileReference; lastKnownFileType = sourcecode.swift; path = TextField.swift; sourceTree = "<group>"; };
		E9E2F1672212BB2A0083D771 /* DataModel.swift */ = {isa = PBXFileReference; lastKnownFileType = sourcecode.swift; path = DataModel.swift; sourceTree = "<group>"; };
		E9E2F16B2212DB9F0083D771 /* DataDelegate.swift */ = {isa = PBXFileReference; lastKnownFileType = sourcecode.swift; path = DataDelegate.swift; sourceTree = "<group>"; };
		E9E2F16D2212F1640083D771 /* GoogleService-Info.plist */ = {isa = PBXFileReference; fileEncoding = 4; lastKnownFileType = text.plist.xml; name = "GoogleService-Info.plist"; path = "../../../../../Downloads/GoogleService-Info.plist"; sourceTree = "<group>"; };
		E9E2F171221305500083D771 /* ModelDelegate.swift */ = {isa = PBXFileReference; lastKnownFileType = sourcecode.swift; path = ModelDelegate.swift; sourceTree = "<group>"; };
		E9E2F173221311B30083D771 /* SettingsModel.swift */ = {isa = PBXFileReference; lastKnownFileType = sourcecode.swift; path = SettingsModel.swift; sourceTree = "<group>"; };
		F99922CBF68E1163C8CE9A65 /* Pods-PayMe.release.xcconfig */ = {isa = PBXFileReference; includeInIndex = 1; lastKnownFileType = text.xcconfig; name = "Pods-PayMe.release.xcconfig"; path = "Pods/Target Support Files/Pods-PayMe/Pods-PayMe.release.xcconfig"; sourceTree = "<group>"; };
/* End PBXFileReference section */

/* Begin PBXFrameworksBuildPhase section */
		E9DF3B5422101D7B00C08077 /* Frameworks */ = {
			isa = PBXFrameworksBuildPhase;
			buildActionMask = 2147483647;
			files = (
				D81DC9E9233DBD274D6F89B7 /* Pods_PayMe.framework in Frameworks */,
			);
			runOnlyForDeploymentPostprocessing = 0;
		};
/* End PBXFrameworksBuildPhase section */

/* Begin PBXGroup section */
		571B34A537AD1DE9C90AF271 /* Pods */ = {
			isa = PBXGroup;
			children = (
				79F8E7BE86BE32A396205960 /* Pods-PayMe.debug.xcconfig */,
				F99922CBF68E1163C8CE9A65 /* Pods-PayMe.release.xcconfig */,
			);
			name = Pods;
			sourceTree = "<group>";
		};
		B7A34B1B3F5992313CDA1E65 /* Frameworks */ = {
			isa = PBXGroup;
			children = (
				DD5E2844993C5BAF6ED786C4 /* Pods_PayMe.framework */,
			);
			name = Frameworks;
			sourceTree = "<group>";
		};
		E90CAA92221322ED002E3B4E /* Summary */ = {
			isa = PBXGroup;
			children = (
				E9DF3B5C22101D7B00C08077 /* SummaryViewController.swift */,
				E90CAA93221322FE002E3B4E /* SummaryDelegate.swift */,
			);
			path = Summary;
			sourceTree = "<group>";
		};
		E9DF3B4E22101D7B00C08077 = {
			isa = PBXGroup;
			children = (
				E9DF3B5922101D7B00C08077 /* PayMe */,
				E9DF3B5822101D7B00C08077 /* Products */,
				571B34A537AD1DE9C90AF271 /* Pods */,
				B7A34B1B3F5992313CDA1E65 /* Frameworks */,
			);
			sourceTree = "<group>";
		};
		E9DF3B5822101D7B00C08077 /* Products */ = {
			isa = PBXGroup;
			children = (
				E9DF3B5722101D7B00C08077 /* PayMe.app */,
			);
			name = Products;
			sourceTree = "<group>";
		};
		E9DF3B5922101D7B00C08077 /* PayMe */ = {
			isa = PBXGroup;
			children = (
				E9E2F1592211BCFE0083D771 /* View */,
				E9E2F14B22118BC90083D771 /* Model */,
				E9E2F14A22118BB90083D771 /* Controller */,
				E9DF3B5A22101D7B00C08077 /* AppDelegate.swift */,
				E9DF3B6422101D7E00C08077 /* Assets.xcassets */,
				E9DF3B6622101D7E00C08077 /* LaunchScreen.storyboard */,
				E9DF3B6922101D7E00C08077 /* Info.plist */,
				E9E2F16D2212F1640083D771 /* GoogleService-Info.plist */,
				E9DF3B6122101D7B00C08077 /* PayMe.xcdatamodeld */,
			);
			path = PayMe;
			sourceTree = "<group>";
		};
		E9E2F14A22118BB90083D771 /* Controller */ = {
			isa = PBXGroup;
			children = (
				E90CAA92221322ED002E3B4E /* Summary */,
				E9E2F15C2211C10A0083D771 /* Data */,
				E9E2F14F2211917D0083D771 /* SettingsViewController.swift */,
			);
			path = Controller;
			sourceTree = "<group>";
		};
		E9E2F14B22118BC90083D771 /* Model */ = {
			isa = PBXGroup;
			children = (
				E9E2F15F2211CA340083D771 /* DataDetailModel.swift */,
				E9E2F1672212BB2A0083D771 /* DataModel.swift */,
				E9E2F173221311B30083D771 /* SettingsModel.swift */,
			);
			path = Model;
			sourceTree = "<group>";
		};
		E9E2F1592211BCFE0083D771 /* View */ = {
			isa = PBXGroup;
			children = (
				E9E2F1612211D6260083D771 /* DataDetailView.swift */,
				E9E2F1652212120A0083D771 /* TextField.swift */,
			);
			path = View;
			sourceTree = "<group>";
		};
		E9E2F15C2211C10A0083D771 /* Data */ = {
			isa = PBXGroup;
			children = (
				E9E2F1552211B1570083D771 /* DataViewController.swift */,
				E9E2F1572211B2090083D771 /* DetailDataViewController.swift */,
				E9E2F16B2212DB9F0083D771 /* DataDelegate.swift */,
				E9E2F171221305500083D771 /* ModelDelegate.swift */,
			);
			path = Data;
			sourceTree = "<group>";
		};
/* End PBXGroup section */

/* Begin PBXNativeTarget section */
		E9DF3B5622101D7B00C08077 /* PayMe */ = {
			isa = PBXNativeTarget;
			buildConfigurationList = E9DF3B6C22101D7E00C08077 /* Build configuration list for PBXNativeTarget "PayMe" */;
			buildPhases = (
				DDCB6889E18E222E5AB14719 /* [CP] Check Pods Manifest.lock */,
				E9DF3B5322101D7B00C08077 /* Sources */,
				E9DF3B5422101D7B00C08077 /* Frameworks */,
				E9DF3B5522101D7B00C08077 /* Resources */,
				E546DBD1A00FD87660420C42 /* [CP] Embed Pods Frameworks */,
			);
			buildRules = (
			);
			dependencies = (
			);
			name = PayMe;
			productName = PayMe;
			productReference = E9DF3B5722101D7B00C08077 /* PayMe.app */;
			productType = "com.apple.product-type.application";
		};
/* End PBXNativeTarget section */

/* Begin PBXProject section */
		E9DF3B4F22101D7B00C08077 /* Project object */ = {
			isa = PBXProject;
			attributes = {
				LastSwiftUpdateCheck = 1010;
				LastUpgradeCheck = 1010;
				ORGANIZATIONNAME = "Tomáš Vopat";
				TargetAttributes = {
					E9DF3B5622101D7B00C08077 = {
						CreatedOnToolsVersion = 10.1;
					};
				};
			};
			buildConfigurationList = E9DF3B5222101D7B00C08077 /* Build configuration list for PBXProject "PayMe" */;
			compatibilityVersion = "Xcode 9.3";
			developmentRegion = en;
			hasScannedForEncodings = 0;
			knownRegions = (
				en,
				Base,
			);
			mainGroup = E9DF3B4E22101D7B00C08077;
			productRefGroup = E9DF3B5822101D7B00C08077 /* Products */;
			projectDirPath = "";
			projectRoot = "";
			targets = (
				E9DF3B5622101D7B00C08077 /* PayMe */,
			);
		};
/* End PBXProject section */

/* Begin PBXResourcesBuildPhase section */
		E9DF3B5522101D7B00C08077 /* Resources */ = {
			isa = PBXResourcesBuildPhase;
			buildActionMask = 2147483647;
			files = (
				E9DF3B6822101D7E00C08077 /* LaunchScreen.storyboard in Resources */,
				E9DF3B6522101D7E00C08077 /* Assets.xcassets in Resources */,
				E9E2F16E2212F1650083D771 /* GoogleService-Info.plist in Resources */,
			);
			runOnlyForDeploymentPostprocessing = 0;
		};
/* End PBXResourcesBuildPhase section */

/* Begin PBXShellScriptBuildPhase section */
		DDCB6889E18E222E5AB14719 /* [CP] Check Pods Manifest.lock */ = {
			isa = PBXShellScriptBuildPhase;
			buildActionMask = 2147483647;
			files = (
			);
			inputFileListPaths = (
			);
			inputPaths = (
				"${PODS_PODFILE_DIR_PATH}/Podfile.lock",
				"${PODS_ROOT}/Manifest.lock",
			);
			name = "[CP] Check Pods Manifest.lock";
			outputFileListPaths = (
			);
			outputPaths = (
				"$(DERIVED_FILE_DIR)/Pods-PayMe-checkManifestLockResult.txt",
			);
			runOnlyForDeploymentPostprocessing = 0;
			shellPath = /bin/sh;
			shellScript = "diff \"${PODS_PODFILE_DIR_PATH}/Podfile.lock\" \"${PODS_ROOT}/Manifest.lock\" > /dev/null\nif [ $? != 0 ] ; then\n    # print error to STDERR\n    echo \"error: The sandbox is not in sync with the Podfile.lock. Run 'pod install' or update your CocoaPods installation.\" >&2\n    exit 1\nfi\n# This output is used by Xcode 'outputs' to avoid re-running this script phase.\necho \"SUCCESS\" > \"${SCRIPT_OUTPUT_FILE_0}\"\n";
			showEnvVarsInLog = 0;
		};
		E546DBD1A00FD87660420C42 /* [CP] Embed Pods Frameworks */ = {
			isa = PBXShellScriptBuildPhase;
			buildActionMask = 2147483647;
			files = (
			);
			inputFileListPaths = (
			);
			inputPaths = (
				"${SRCROOT}/Pods/Target Support Files/Pods-PayMe/Pods-PayMe-frameworks.sh",
				"${BUILT_PRODUCTS_DIR}/Charts/Charts.framework",
				"${BUILT_PRODUCTS_DIR}/CodableFirebase/CodableFirebase.framework",
				"${BUILT_PRODUCTS_DIR}/GoogleUtilities/GoogleUtilities.framework",
				"${BUILT_PRODUCTS_DIR}/SnapKit/SnapKit.framework",
				"${BUILT_PRODUCTS_DIR}/leveldb-library/leveldb.framework",
			);
			name = "[CP] Embed Pods Frameworks";
			outputFileListPaths = (
			);
			outputPaths = (
				"${TARGET_BUILD_DIR}/${FRAMEWORKS_FOLDER_PATH}/Charts.framework",
				"${TARGET_BUILD_DIR}/${FRAMEWORKS_FOLDER_PATH}/CodableFirebase.framework",
				"${TARGET_BUILD_DIR}/${FRAMEWORKS_FOLDER_PATH}/GoogleUtilities.framework",
				"${TARGET_BUILD_DIR}/${FRAMEWORKS_FOLDER_PATH}/SnapKit.framework",
				"${TARGET_BUILD_DIR}/${FRAMEWORKS_FOLDER_PATH}/leveldb.framework",
			);
			runOnlyForDeploymentPostprocessing = 0;
			shellPath = /bin/sh;
			shellScript = "\"${SRCROOT}/Pods/Target Support Files/Pods-PayMe/Pods-PayMe-frameworks.sh\"\n";
			showEnvVarsInLog = 0;
		};
/* End PBXShellScriptBuildPhase section */

/* Begin PBXSourcesBuildPhase section */
		E9DF3B5322101D7B00C08077 /* Sources */ = {
			isa = PBXSourcesBuildPhase;
			buildActionMask = 2147483647;
			files = (
				E9E2F1602211CA340083D771 /* DataDetailModel.swift in Sources */,
				E90CAA94221322FE002E3B4E /* SummaryDelegate.swift in Sources */,
				E9DF3B6322101D7B00C08077 /* PayMe.xcdatamodeld in Sources */,
				E9DF3B5D22101D7B00C08077 /* SummaryViewController.swift in Sources */,
				E9E2F1562211B1570083D771 /* DataViewController.swift in Sources */,
				E9E2F16C2212DB9F0083D771 /* DataDelegate.swift in Sources */,
				E9DF3B5B22101D7B00C08077 /* AppDelegate.swift in Sources */,
				E9E2F1682212BB2A0083D771 /* DataModel.swift in Sources */,
				E9E2F1582211B2090083D771 /* DetailDataViewController.swift in Sources */,
				E9E2F1662212120A0083D771 /* TextField.swift in Sources */,
				E9E2F1502211917D0083D771 /* SettingsViewController.swift in Sources */,
				E9E2F172221305500083D771 /* ModelDelegate.swift in Sources */,
				E9E2F1622211D6260083D771 /* DataDetailView.swift in Sources */,
				E9E2F174221311B30083D771 /* SettingsModel.swift in Sources */,
			);
			runOnlyForDeploymentPostprocessing = 0;
		};
/* End PBXSourcesBuildPhase section */

/* Begin PBXVariantGroup section */
		E9DF3B6622101D7E00C08077 /* LaunchScreen.storyboard */ = {
			isa = PBXVariantGroup;
			children = (
				E9DF3B6722101D7E00C08077 /* Base */,
			);
			name = LaunchScreen.storyboard;
			sourceTree = "<group>";
		};
/* End PBXVariantGroup section */

/* Begin XCBuildConfiguration section */
		E9DF3B6A22101D7E00C08077 /* Debug */ = {
			isa = XCBuildConfiguration;
			buildSettings = {
				ALWAYS_SEARCH_USER_PATHS = NO;
				CLANG_ANALYZER_NONNULL = YES;
				CLANG_ANALYZER_NUMBER_OBJECT_CONVERSION = YES_AGGRESSIVE;
				CLANG_CXX_LANGUAGE_STANDARD = "gnu++14";
				CLANG_CXX_LIBRARY = "libc++";
				CLANG_ENABLE_MODULES = YES;
				CLANG_ENABLE_OBJC_ARC = YES;
				CLANG_ENABLE_OBJC_WEAK = YES;
				CLANG_WARN_BLOCK_CAPTURE_AUTORELEASING = YES;
				CLANG_WARN_BOOL_CONVERSION = YES;
				CLANG_WARN_COMMA = YES;
				CLANG_WARN_CONSTANT_CONVERSION = YES;
				CLANG_WARN_DEPRECATED_OBJC_IMPLEMENTATIONS = YES;
				CLANG_WARN_DIRECT_OBJC_ISA_USAGE = YES_ERROR;
				CLANG_WARN_DOCUMENTATION_COMMENTS = YES;
				CLANG_WARN_EMPTY_BODY = YES;
				CLANG_WARN_ENUM_CONVERSION = YES;
				CLANG_WARN_INFINITE_RECURSION = YES;
				CLANG_WARN_INT_CONVERSION = YES;
				CLANG_WARN_NON_LITERAL_NULL_CONVERSION = YES;
				CLANG_WARN_OBJC_IMPLICIT_RETAIN_SELF = YES;
				CLANG_WARN_OBJC_LITERAL_CONVERSION = YES;
				CLANG_WARN_OBJC_ROOT_CLASS = YES_ERROR;
				CLANG_WARN_RANGE_LOOP_ANALYSIS = YES;
				CLANG_WARN_STRICT_PROTOTYPES = YES;
				CLANG_WARN_SUSPICIOUS_MOVE = YES;
				CLANG_WARN_UNGUARDED_AVAILABILITY = YES_AGGRESSIVE;
				CLANG_WARN_UNREACHABLE_CODE = YES;
				CLANG_WARN__DUPLICATE_METHOD_MATCH = YES;
				CODE_SIGN_IDENTITY = "iPhone Developer";
				COPY_PHASE_STRIP = NO;
				DEBUG_INFORMATION_FORMAT = dwarf;
				ENABLE_STRICT_OBJC_MSGSEND = YES;
				ENABLE_TESTABILITY = YES;
				GCC_C_LANGUAGE_STANDARD = gnu11;
				GCC_DYNAMIC_NO_PIC = NO;
				GCC_NO_COMMON_BLOCKS = YES;
				GCC_OPTIMIZATION_LEVEL = 0;
				GCC_PREPROCESSOR_DEFINITIONS = (
					"DEBUG=1",
					"$(inherited)",
				);
				GCC_WARN_64_TO_32_BIT_CONVERSION = YES;
				GCC_WARN_ABOUT_RETURN_TYPE = YES_ERROR;
				GCC_WARN_UNDECLARED_SELECTOR = YES;
				GCC_WARN_UNINITIALIZED_AUTOS = YES_AGGRESSIVE;
				GCC_WARN_UNUSED_FUNCTION = YES;
				GCC_WARN_UNUSED_VARIABLE = YES;
				IPHONEOS_DEPLOYMENT_TARGET = 12.1;
				MTL_ENABLE_DEBUG_INFO = INCLUDE_SOURCE;
				MTL_FAST_MATH = YES;
				ONLY_ACTIVE_ARCH = YES;
				SDKROOT = iphoneos;
				SWIFT_ACTIVE_COMPILATION_CONDITIONS = DEBUG;
				SWIFT_OPTIMIZATION_LEVEL = "-Onone";
			};
			name = Debug;
		};
		E9DF3B6B22101D7E00C08077 /* Release */ = {
			isa = XCBuildConfiguration;
			buildSettings = {
				ALWAYS_SEARCH_USER_PATHS = NO;
				CLANG_ANALYZER_NONNULL = YES;
				CLANG_ANALYZER_NUMBER_OBJECT_CONVERSION = YES_AGGRESSIVE;
				CLANG_CXX_LANGUAGE_STANDARD = "gnu++14";
				CLANG_CXX_LIBRARY = "libc++";
				CLANG_ENABLE_MODULES = YES;
				CLANG_ENABLE_OBJC_ARC = YES;
				CLANG_ENABLE_OBJC_WEAK = YES;
				CLANG_WARN_BLOCK_CAPTURE_AUTORELEASING = YES;
				CLANG_WARN_BOOL_CONVERSION = YES;
				CLANG_WARN_COMMA = YES;
				CLANG_WARN_CONSTANT_CONVERSION = YES;
				CLANG_WARN_DEPRECATED_OBJC_IMPLEMENTATIONS = YES;
				CLANG_WARN_DIRECT_OBJC_ISA_USAGE = YES_ERROR;
				CLANG_WARN_DOCUMENTATION_COMMENTS = YES;
				CLANG_WARN_EMPTY_BODY = YES;
				CLANG_WARN_ENUM_CONVERSION = YES;
				CLANG_WARN_INFINITE_RECURSION = YES;
				CLANG_WARN_INT_CONVERSION = YES;
				CLANG_WARN_NON_LITERAL_NULL_CONVERSION = YES;
				CLANG_WARN_OBJC_IMPLICIT_RETAIN_SELF = YES;
				CLANG_WARN_OBJC_LITERAL_CONVERSION = YES;
				CLANG_WARN_OBJC_ROOT_CLASS = YES_ERROR;
				CLANG_WARN_RANGE_LOOP_ANALYSIS = YES;
				CLANG_WARN_STRICT_PROTOTYPES = YES;
				CLANG_WARN_SUSPICIOUS_MOVE = YES;
				CLANG_WARN_UNGUARDED_AVAILABILITY = YES_AGGRESSIVE;
				CLANG_WARN_UNREACHABLE_CODE = YES;
				CLANG_WARN__DUPLICATE_METHOD_MATCH = YES;
				CODE_SIGN_IDENTITY = "iPhone Developer";
				COPY_PHASE_STRIP = NO;
				DEBUG_INFORMATION_FORMAT = "dwarf-with-dsym";
				ENABLE_NS_ASSERTIONS = NO;
				ENABLE_STRICT_OBJC_MSGSEND = YES;
				GCC_C_LANGUAGE_STANDARD = gnu11;
				GCC_NO_COMMON_BLOCKS = YES;
				GCC_WARN_64_TO_32_BIT_CONVERSION = YES;
				GCC_WARN_ABOUT_RETURN_TYPE = YES_ERROR;
				GCC_WARN_UNDECLARED_SELECTOR = YES;
				GCC_WARN_UNINITIALIZED_AUTOS = YES_AGGRESSIVE;
				GCC_WARN_UNUSED_FUNCTION = YES;
				GCC_WARN_UNUSED_VARIABLE = YES;
				IPHONEOS_DEPLOYMENT_TARGET = 12.1;
				MTL_ENABLE_DEBUG_INFO = NO;
				MTL_FAST_MATH = YES;
				SDKROOT = iphoneos;
				SWIFT_COMPILATION_MODE = wholemodule;
				SWIFT_OPTIMIZATION_LEVEL = "-O";
				VALIDATE_PRODUCT = YES;
			};
			name = Release;
		};
		E9DF3B6D22101D7E00C08077 /* Debug */ = {
			isa = XCBuildConfiguration;
			baseConfigurationReference = 79F8E7BE86BE32A396205960 /* Pods-PayMe.debug.xcconfig */;
			buildSettings = {
				ASSETCATALOG_COMPILER_APPICON_NAME = AppIcon;
				CODE_SIGN_STYLE = Automatic;
				DEVELOPMENT_TEAM = 3X28HNE3AL;
				INFOPLIST_FILE = PayMe/Info.plist;
				LD_RUNPATH_SEARCH_PATHS = (
					"$(inherited)",
					"@executable_path/Frameworks",
				);
				PRODUCT_BUNDLE_IDENTIFIER = cvut.fit.bios.PayMe;
				PRODUCT_NAME = "$(TARGET_NAME)";
				SWIFT_VERSION = 4.2;
				TARGETED_DEVICE_FAMILY = 1;
			};
			name = Debug;
		};
		E9DF3B6E22101D7E00C08077 /* Release */ = {
			isa = XCBuildConfiguration;
			baseConfigurationReference = F99922CBF68E1163C8CE9A65 /* Pods-PayMe.release.xcconfig */;
			buildSettings = {
				ASSETCATALOG_COMPILER_APPICON_NAME = AppIcon;
				CODE_SIGN_STYLE = Automatic;
				DEVELOPMENT_TEAM = 3X28HNE3AL;
				INFOPLIST_FILE = PayMe/Info.plist;
				LD_RUNPATH_SEARCH_PATHS = (
					"$(inherited)",
					"@executable_path/Frameworks",
				);
				PRODUCT_BUNDLE_IDENTIFIER = cvut.fit.bios.PayMe;
				PRODUCT_NAME = "$(TARGET_NAME)";
				SWIFT_VERSION = 4.2;
				TARGETED_DEVICE_FAMILY = 1;
			};
			name = Release;
		};
/* End XCBuildConfiguration section */

/* Begin XCConfigurationList section */
		E9DF3B5222101D7B00C08077 /* Build configuration list for PBXProject "PayMe" */ = {
			isa = XCConfigurationList;
			buildConfigurations = (
				E9DF3B6A22101D7E00C08077 /* Debug */,
				E9DF3B6B22101D7E00C08077 /* Release */,
			);
			defaultConfigurationIsVisible = 0;
			defaultConfigurationName = Release;
		};
		E9DF3B6C22101D7E00C08077 /* Build configuration list for PBXNativeTarget "PayMe" */ = {
			isa = XCConfigurationList;
			buildConfigurations = (
				E9DF3B6D22101D7E00C08077 /* Debug */,
				E9DF3B6E22101D7E00C08077 /* Release */,
			);
			defaultConfigurationIsVisible = 0;
			defaultConfigurationName = Release;
		};
/* End XCConfigurationList section */

/* Begin XCVersionGroup section */
		E9DF3B6122101D7B00C08077 /* PayMe.xcdatamodeld */ = {
			isa = XCVersionGroup;
			children = (
				E9DF3B6222101D7B00C08077 /* PayMe.xcdatamodel */,
			);
			currentVersion = E9DF3B6222101D7B00C08077 /* PayMe.xcdatamodel */;
			path = PayMe.xcdatamodeld;
			sourceTree = "<group>";
			versionGroupType = wrapper.xcdatamodel;
		};
/* End XCVersionGroup section */
	};
	rootObject = E9DF3B4F22101D7B00C08077 /* Project object */;
}
